// !$*UTF8*$!
{
	archiveVersion = 1;
	classes = {
	};
	objectVersion = 50;
	objects = {

/* Begin PBXBuildFile section */
		5D83B25E2568639E000D9679 /* AppDelegate.swift in Sources */ = {isa = PBXBuildFile; fileRef = 5D83B25D2568639E000D9679 /* AppDelegate.swift */; };
		5D83B2602568639E000D9679 /* SceneDelegate.swift in Sources */ = {isa = PBXBuildFile; fileRef = 5D83B25F2568639E000D9679 /* SceneDelegate.swift */; };
		5D83B2622568639E000D9679 /* RootViewController.swift in Sources */ = {isa = PBXBuildFile; fileRef = 5D83B2612568639E000D9679 /* RootViewController.swift */; };
		5D83B2652568639E000D9679 /* Main.storyboard in Resources */ = {isa = PBXBuildFile; fileRef = 5D83B2632568639E000D9679 /* Main.storyboard */; };
		5D83B267256863A1000D9679 /* Assets.xcassets in Resources */ = {isa = PBXBuildFile; fileRef = 5D83B266256863A1000D9679 /* Assets.xcassets */; };
		5D83B26A256863A1000D9679 /* LaunchScreen.storyboard in Resources */ = {isa = PBXBuildFile; fileRef = 5D83B268256863A1000D9679 /* LaunchScreen.storyboard */; };
		5D83B284256868BC000D9679 /* DayViewController.swift in Sources */ = {isa = PBXBuildFile; fileRef = 5D83B283256868BC000D9679 /* DayViewController.swift */; };
		5D83B2882568698A000D9679 /* WeekViewController.swift in Sources */ = {isa = PBXBuildFile; fileRef = 5D83B2872568698A000D9679 /* WeekViewController.swift */; };
		5D83B28D25687226000D9679 /* UIViewController.swift in Sources */ = {isa = PBXBuildFile; fileRef = 5D83B28C25687226000D9679 /* UIViewController.swift */; };
		5D83B290256872ED000D9679 /* UIStoryboard.swift in Sources */ = {isa = PBXBuildFile; fileRef = 5D83B28F256872ED000D9679 /* UIStoryboard.swift */; };
		5D83B2992569EC3D000D9679 /* APIKeys.swift in Sources */ = {isa = PBXBuildFile; fileRef = 5D83B2982569EC3D000D9679 /* APIKeys.swift */; };
		5D83B29E256B1D08000D9679 /* WeatherRequest.swift in Sources */ = {isa = PBXBuildFile; fileRef = 5D83B29D256B1D08000D9679 /* WeatherRequest.swift */; };
		5D83B2A2256B204F000D9679 /* Configuration.swift in Sources */ = {isa = PBXBuildFile; fileRef = 5D83B2A1256B204F000D9679 /* Configuration.swift */; };
		5D83B2A7256C68C1000D9679 /* RootViewModel.swift in Sources */ = {isa = PBXBuildFile; fileRef = 5D83B2A6256C68C1000D9679 /* RootViewModel.swift */; };
		5D83B2B8256EF771000D9679 /* DarkSkyResponse.swift in Sources */ = {isa = PBXBuildFile; fileRef = 5D83B2B7256EF770000D9679 /* DarkSkyResponse.swift */; };
		5D83B2BD2571BD9F000D9679 /* WeatherData.swift in Sources */ = {isa = PBXBuildFile; fileRef = 5D83B2BC2571BD9F000D9679 /* WeatherData.swift */; };
		5D83B2C2257313C4000D9679 /* DayViewModel.swift in Sources */ = {isa = PBXBuildFile; fileRef = 5D83B2C1257313C4000D9679 /* DayViewModel.swift */; };
		5D83B2C72573267E000D9679 /* WeekViewModel.swift in Sources */ = {isa = PBXBuildFile; fileRef = 5D83B2C62573267E000D9679 /* WeekViewModel.swift */; };
		5D847E0525914DA8004117CE /* Styles.swift in Sources */ = {isa = PBXBuildFile; fileRef = 5D847E0425914DA8004117CE /* Styles.swift */; };
		5D847E2E25983E6F004117CE /* UIImage.swift in Sources */ = {isa = PBXBuildFile; fileRef = 5D847E2D25983E6F004117CE /* UIImage.swift */; };
/* End PBXBuildFile section */

/* Begin PBXFileReference section */
		5D83B25A2568639E000D9679 /* Rainstorm.app */ = {isa = PBXFileReference; explicitFileType = wrapper.application; includeInIndex = 0; path = Rainstorm.app; sourceTree = BUILT_PRODUCTS_DIR; };
		5D83B25D2568639E000D9679 /* AppDelegate.swift */ = {isa = PBXFileReference; lastKnownFileType = sourcecode.swift; path = AppDelegate.swift; sourceTree = "<group>"; };
		5D83B25F2568639E000D9679 /* SceneDelegate.swift */ = {isa = PBXFileReference; lastKnownFileType = sourcecode.swift; path = SceneDelegate.swift; sourceTree = "<group>"; };
		5D83B2612568639E000D9679 /* RootViewController.swift */ = {isa = PBXFileReference; lastKnownFileType = sourcecode.swift; path = RootViewController.swift; sourceTree = "<group>"; };
		5D83B2642568639E000D9679 /* Base */ = {isa = PBXFileReference; lastKnownFileType = file.storyboard; name = Base; path = Base.lproj/Main.storyboard; sourceTree = "<group>"; };
		5D83B266256863A1000D9679 /* Assets.xcassets */ = {isa = PBXFileReference; lastKnownFileType = folder.assetcatalog; path = Assets.xcassets; sourceTree = "<group>"; };
		5D83B269256863A1000D9679 /* Base */ = {isa = PBXFileReference; lastKnownFileType = file.storyboard; name = Base; path = Base.lproj/LaunchScreen.storyboard; sourceTree = "<group>"; };
		5D83B26B256863A1000D9679 /* Info.plist */ = {isa = PBXFileReference; lastKnownFileType = text.plist.xml; path = Info.plist; sourceTree = "<group>"; };
		5D83B283256868BC000D9679 /* DayViewController.swift */ = {isa = PBXFileReference; lastKnownFileType = sourcecode.swift; path = DayViewController.swift; sourceTree = "<group>"; };
		5D83B2872568698A000D9679 /* WeekViewController.swift */ = {isa = PBXFileReference; lastKnownFileType = sourcecode.swift; path = WeekViewController.swift; sourceTree = "<group>"; };
		5D83B28C25687226000D9679 /* UIViewController.swift */ = {isa = PBXFileReference; lastKnownFileType = sourcecode.swift; path = UIViewController.swift; sourceTree = "<group>"; };
		5D83B28F256872ED000D9679 /* UIStoryboard.swift */ = {isa = PBXFileReference; lastKnownFileType = sourcecode.swift; path = UIStoryboard.swift; sourceTree = "<group>"; };
		5D83B2982569EC3D000D9679 /* APIKeys.swift */ = {isa = PBXFileReference; lastKnownFileType = sourcecode.swift; path = APIKeys.swift; sourceTree = "<group>"; };
		5D83B29D256B1D08000D9679 /* WeatherRequest.swift */ = {isa = PBXFileReference; lastKnownFileType = sourcecode.swift; path = WeatherRequest.swift; sourceTree = "<group>"; };
		5D83B2A1256B204F000D9679 /* Configuration.swift */ = {isa = PBXFileReference; lastKnownFileType = sourcecode.swift; path = Configuration.swift; sourceTree = "<group>"; };
		5D83B2A6256C68C1000D9679 /* RootViewModel.swift */ = {isa = PBXFileReference; lastKnownFileType = sourcecode.swift; path = RootViewModel.swift; sourceTree = "<group>"; };
		5D83B2B7256EF770000D9679 /* DarkSkyResponse.swift */ = {isa = PBXFileReference; lastKnownFileType = sourcecode.swift; path = DarkSkyResponse.swift; sourceTree = "<group>"; };
		5D83B2BC2571BD9F000D9679 /* WeatherData.swift */ = {isa = PBXFileReference; lastKnownFileType = sourcecode.swift; path = WeatherData.swift; sourceTree = "<group>"; };
		5D83B2C1257313C4000D9679 /* DayViewModel.swift */ = {isa = PBXFileReference; lastKnownFileType = sourcecode.swift; path = DayViewModel.swift; sourceTree = "<group>"; };
		5D83B2C62573267E000D9679 /* WeekViewModel.swift */ = {isa = PBXFileReference; lastKnownFileType = sourcecode.swift; path = WeekViewModel.swift; sourceTree = "<group>"; };
		5D847E0425914DA8004117CE /* Styles.swift */ = {isa = PBXFileReference; lastKnownFileType = sourcecode.swift; path = Styles.swift; sourceTree = "<group>"; };
		5D847E2D25983E6F004117CE /* UIImage.swift */ = {isa = PBXFileReference; lastKnownFileType = sourcecode.swift; path = UIImage.swift; sourceTree = "<group>"; };
/* End PBXFileReference section */

/* Begin PBXFrameworksBuildPhase section */
		5D83B2572568639E000D9679 /* Frameworks */ = {
			isa = PBXFrameworksBuildPhase;
			buildActionMask = 2147483647;
			files = (
			);
			runOnlyForDeploymentPostprocessing = 0;
		};
/* End PBXFrameworksBuildPhase section */

/* Begin PBXGroup section */
		5D83B2512568639E000D9679 = {
			isa = PBXGroup;
			children = (
				5D83B25C2568639E000D9679 /* Rainstorm */,
				5D83B25B2568639E000D9679 /* Products */,
			);
			sourceTree = "<group>";
		};
		5D83B25B2568639E000D9679 /* Products */ = {
			isa = PBXGroup;
			children = (
				5D83B25A2568639E000D9679 /* Rainstorm.app */,
			);
			name = Products;
			sourceTree = "<group>";
		};
		5D83B25C2568639E000D9679 /* Rainstorm */ = {
			isa = PBXGroup;
			children = (
				5D83B2BB2571BD41000D9679 /* Protocols */,
				5D83B272256863BE000D9679 /* Application Delegates */,
				5D83B274256863F4000D9679 /* Controllers */,
				5D83B29C256B1CE7000D9679 /* Models */,
				5D83B2A0256B2022000D9679 /* Configuration */,
				5D83B2932569E5AB000D9679 /* Utilities */,
				5D83B28B25687200000D9679 /* Extensions */,
				5D83B27A25686516000D9679 /* Resources */,
				5D83B27B2568652F000D9679 /* Supporting Files */,
				5D83B277256864BD000D9679 /* Storyboards */,
			);
			path = Rainstorm;
			sourceTree = "<group>";
		};
		5D83B272256863BE000D9679 /* Application Delegates */ = {
			isa = PBXGroup;
			children = (
				5D83B25D2568639E000D9679 /* AppDelegate.swift */,
				5D83B25F2568639E000D9679 /* SceneDelegate.swift */,
			);
			path = "Application Delegates";
			sourceTree = "<group>";
		};
		5D83B274256863F4000D9679 /* Controllers */ = {
			isa = PBXGroup;
			children = (
				5D83B27F25686801000D9679 /* Weather View Controllers */,
				5D83B2752568640E000D9679 /* Root View Controller */,
			);
			path = Controllers;
			sourceTree = "<group>";
		};
		5D83B2752568640E000D9679 /* Root View Controller */ = {
			isa = PBXGroup;
			children = (
				5D83B2612568639E000D9679 /* RootViewController.swift */,
				5D83B2A5256C68AE000D9679 /* View Models */,
			);
			path = "Root View Controller";
			sourceTree = "<group>";
		};
		5D83B277256864BD000D9679 /* Storyboards */ = {
			isa = PBXGroup;
			children = (
				5D83B2632568639E000D9679 /* Main.storyboard */,
				5D83B268256863A1000D9679 /* LaunchScreen.storyboard */,
			);
			path = Storyboards;
			sourceTree = "<group>";
		};
		5D83B27A25686516000D9679 /* Resources */ = {
			isa = PBXGroup;
			children = (
				5D83B266256863A1000D9679 /* Assets.xcassets */,
			);
			path = Resources;
			sourceTree = "<group>";
		};
		5D83B27B2568652F000D9679 /* Supporting Files */ = {
			isa = PBXGroup;
			children = (
				5D83B26B256863A1000D9679 /* Info.plist */,
			);
			path = "Supporting Files";
			sourceTree = "<group>";
		};
		5D83B27F25686801000D9679 /* Weather View Controllers */ = {
			isa = PBXGroup;
			children = (
				5D83B28625686976000D9679 /* Week View Controller */,
				5D83B28125686837000D9679 /* Day View Controller */,
			);
			path = "Weather View Controllers";
			sourceTree = "<group>";
		};
		5D83B28125686837000D9679 /* Day View Controller */ = {
			isa = PBXGroup;
			children = (
				5D83B283256868BC000D9679 /* DayViewController.swift */,
				5D83B2C02573138F000D9679 /* View Models */,
			);
			path = "Day View Controller";
			sourceTree = "<group>";
		};
		5D83B28625686976000D9679 /* Week View Controller */ = {
			isa = PBXGroup;
			children = (
				5D83B2872568698A000D9679 /* WeekViewController.swift */,
				5D83B2C525732663000D9679 /* View Models */,
			);
			path = "Week View Controller";
			sourceTree = "<group>";
		};
		5D83B28B25687200000D9679 /* Extensions */ = {
			isa = PBXGroup;
			children = (
				5D83B28C25687226000D9679 /* UIViewController.swift */,
				5D83B28F256872ED000D9679 /* UIStoryboard.swift */,
				5D847E2D25983E6F004117CE /* UIImage.swift */,
			);
			path = Extensions;
			sourceTree = "<group>";
		};
		5D83B2932569E5AB000D9679 /* Utilities */ = {
			isa = PBXGroup;
			children = (
				5D83B2982569EC3D000D9679 /* APIKeys.swift */,
			);
			path = Utilities;
			sourceTree = "<group>";
		};
		5D83B29C256B1CE7000D9679 /* Models */ = {
			isa = PBXGroup;
			children = (
				5D83B29D256B1D08000D9679 /* WeatherRequest.swift */,
				5D83B2B7256EF770000D9679 /* DarkSkyResponse.swift */,
			);
			path = Models;
			sourceTree = "<group>";
		};
		5D83B2A0256B2022000D9679 /* Configuration */ = {
			isa = PBXGroup;
			children = (
				5D83B2A1256B204F000D9679 /* Configuration.swift */,
				5D847E0425914DA8004117CE /* Styles.swift */,
			);
			path = Configuration;
			sourceTree = "<group>";
		};
		5D83B2A5256C68AE000D9679 /* View Models */ = {
			isa = PBXGroup;
			children = (
				5D83B2A6256C68C1000D9679 /* RootViewModel.swift */,
			);
			path = "View Models";
			sourceTree = "<group>";
		};
		5D83B2BB2571BD41000D9679 /* Protocols */ = {
			isa = PBXGroup;
			children = (
				5D83B2BC2571BD9F000D9679 /* WeatherData.swift */,
			);
			path = Protocols;
			sourceTree = "<group>";
		};
		5D83B2C02573138F000D9679 /* View Models */ = {
			isa = PBXGroup;
			children = (
				5D83B2C1257313C4000D9679 /* DayViewModel.swift */,
			);
			path = "View Models";
			sourceTree = "<group>";
		};
		5D83B2C525732663000D9679 /* View Models */ = {
			isa = PBXGroup;
			children = (
				5D83B2C62573267E000D9679 /* WeekViewModel.swift */,
			);
			path = "View Models";
			sourceTree = "<group>";
		};
/* End PBXGroup section */

/* Begin PBXNativeTarget section */
		5D83B2592568639E000D9679 /* Rainstorm */ = {
			isa = PBXNativeTarget;
			buildConfigurationList = 5D83B26E256863A1000D9679 /* Build configuration list for PBXNativeTarget "Rainstorm" */;
			buildPhases = (
				5D83B2562568639E000D9679 /* Sources */,
				5D83B2572568639E000D9679 /* Frameworks */,
				5D83B2582568639E000D9679 /* Resources */,
			);
			buildRules = (
			);
			dependencies = (
			);
			name = Rainstorm;
			productName = Rainstorm;
			productReference = 5D83B25A2568639E000D9679 /* Rainstorm.app */;
			productType = "com.apple.product-type.application";
		};
/* End PBXNativeTarget section */

/* Begin PBXProject section */
		5D83B2522568639E000D9679 /* Project object */ = {
			isa = PBXProject;
			attributes = {
				LastSwiftUpdateCheck = 1220;
				LastUpgradeCheck = 1220;
				TargetAttributes = {
					5D83B2592568639E000D9679 = {
						CreatedOnToolsVersion = 12.2;
					};
				};
			};
			buildConfigurationList = 5D83B2552568639E000D9679 /* Build configuration list for PBXProject "Rainstorm" */;
			compatibilityVersion = "Xcode 9.3";
			developmentRegion = en;
			hasScannedForEncodings = 0;
			knownRegions = (
				en,
				Base,
			);
			mainGroup = 5D83B2512568639E000D9679;
			productRefGroup = 5D83B25B2568639E000D9679 /* Products */;
			projectDirPath = "";
			projectRoot = "";
			targets = (
				5D83B2592568639E000D9679 /* Rainstorm */,
			);
		};
/* End PBXProject section */

/* Begin PBXResourcesBuildPhase section */
		5D83B2582568639E000D9679 /* Resources */ = {
			isa = PBXResourcesBuildPhase;
			buildActionMask = 2147483647;
			files = (
				5D83B26A256863A1000D9679 /* LaunchScreen.storyboard in Resources */,
				5D83B267256863A1000D9679 /* Assets.xcassets in Resources */,
				5D83B2652568639E000D9679 /* Main.storyboard in Resources */,
			);
			runOnlyForDeploymentPostprocessing = 0;
		};
/* End PBXResourcesBuildPhase section */

/* Begin PBXSourcesBuildPhase section */
		5D83B2562568639E000D9679 /* Sources */ = {
			isa = PBXSourcesBuildPhase;
			buildActionMask = 2147483647;
			files = (
				5D83B2882568698A000D9679 /* WeekViewController.swift in Sources */,
				5D83B2622568639E000D9679 /* RootViewController.swift in Sources */,
				5D83B2992569EC3D000D9679 /* APIKeys.swift in Sources */,
				5D83B2C72573267E000D9679 /* WeekViewModel.swift in Sources */,
				5D83B28D25687226000D9679 /* UIViewController.swift in Sources */,
				5D83B2B8256EF771000D9679 /* DarkSkyResponse.swift in Sources */,
				5D847E2E25983E6F004117CE /* UIImage.swift in Sources */,
				5D83B25E2568639E000D9679 /* AppDelegate.swift in Sources */,
				5D83B2602568639E000D9679 /* SceneDelegate.swift in Sources */,
				5D83B2A2256B204F000D9679 /* Configuration.swift in Sources */,
				5D83B29E256B1D08000D9679 /* WeatherRequest.swift in Sources */,
				5D83B2A7256C68C1000D9679 /* RootViewModel.swift in Sources */,
				5D847E0525914DA8004117CE /* Styles.swift in Sources */,
				5D83B284256868BC000D9679 /* DayViewController.swift in Sources */,
				5D83B290256872ED000D9679 /* UIStoryboard.swift in Sources */,
				5D83B2BD2571BD9F000D9679 /* WeatherData.swift in Sources */,
				5D83B2C2257313C4000D9679 /* DayViewModel.swift in Sources */,
			);
			runOnlyForDeploymentPostprocessing = 0;
		};
/* End PBXSourcesBuildPhase section */

/* Begin PBXVariantGroup section */
		5D83B2632568639E000D9679 /* Main.storyboard */ = {
			isa = PBXVariantGroup;
			children = (
				5D83B2642568639E000D9679 /* Base */,
			);
			name = Main.storyboard;
			sourceTree = "<group>";
		};
		5D83B268256863A1000D9679 /* LaunchScreen.storyboard */ = {
			isa = PBXVariantGroup;
			children = (
				5D83B269256863A1000D9679 /* Base */,
			);
			name = LaunchScreen.storyboard;
			sourceTree = "<group>";
		};
/* End PBXVariantGroup section */

/* Begin XCBuildConfiguration section */
		5D83B26C256863A1000D9679 /* Debug */ = {
			isa = XCBuildConfiguration;
			buildSettings = {
				ALWAYS_SEARCH_USER_PATHS = NO;
				CLANG_ANALYZER_NONNULL = YES;
				CLANG_ANALYZER_NUMBER_OBJECT_CONVERSION = YES_AGGRESSIVE;
				CLANG_CXX_LANGUAGE_STANDARD = "gnu++14";
				CLANG_CXX_LIBRARY = "libc++";
				CLANG_ENABLE_MODULES = YES;
				CLANG_ENABLE_OBJC_ARC = YES;
				CLANG_ENABLE_OBJC_WEAK = YES;
				CLANG_WARN_BLOCK_CAPTURE_AUTORELEASING = YES;
				CLANG_WARN_BOOL_CONVERSION = YES;
				CLANG_WARN_COMMA = YES;
				CLANG_WARN_CONSTANT_CONVERSION = YES;
				CLANG_WARN_DEPRECATED_OBJC_IMPLEMENTATIONS = YES;
				CLANG_WARN_DIRECT_OBJC_ISA_USAGE = YES_ERROR;
				CLANG_WARN_DOCUMENTATION_COMMENTS = YES;
				CLANG_WARN_EMPTY_BODY = YES;
				CLANG_WARN_ENUM_CONVERSION = YES;
				CLANG_WARN_INFINITE_RECURSION = YES;
				CLANG_WARN_INT_CONVERSION = YES;
				CLANG_WARN_NON_LITERAL_NULL_CONVERSION = YES;
				CLANG_WARN_OBJC_IMPLICIT_RETAIN_SELF = YES;
				CLANG_WARN_OBJC_LITERAL_CONVERSION = YES;
				CLANG_WARN_OBJC_ROOT_CLASS = YES_ERROR;
				CLANG_WARN_QUOTED_INCLUDE_IN_FRAMEWORK_HEADER = YES;
				CLANG_WARN_RANGE_LOOP_ANALYSIS = YES;
				CLANG_WARN_STRICT_PROTOTYPES = YES;
				CLANG_WARN_SUSPICIOUS_MOVE = YES;
				CLANG_WARN_UNGUARDED_AVAILABILITY = YES_AGGRESSIVE;
				CLANG_WARN_UNREACHABLE_CODE = YES;
				CLANG_WARN__DUPLICATE_METHOD_MATCH = YES;
				COPY_PHASE_STRIP = NO;
				DEBUG_INFORMATION_FORMAT = dwarf;
				ENABLE_STRICT_OBJC_MSGSEND = YES;
				ENABLE_TESTABILITY = YES;
				GCC_C_LANGUAGE_STANDARD = gnu11;
				GCC_DYNAMIC_NO_PIC = NO;
				GCC_NO_COMMON_BLOCKS = YES;
				GCC_OPTIMIZATION_LEVEL = 0;
				GCC_PREPROCESSOR_DEFINITIONS = (
					"DEBUG=1",
					"$(inherited)",
				);
				GCC_WARN_64_TO_32_BIT_CONVERSION = YES;
				GCC_WARN_ABOUT_RETURN_TYPE = YES_ERROR;
				GCC_WARN_UNDECLARED_SELECTOR = YES;
				GCC_WARN_UNINITIALIZED_AUTOS = YES_AGGRESSIVE;
				GCC_WARN_UNUSED_FUNCTION = YES;
				GCC_WARN_UNUSED_VARIABLE = YES;
				IPHONEOS_DEPLOYMENT_TARGET = 14.2;
				MTL_ENABLE_DEBUG_INFO = INCLUDE_SOURCE;
				MTL_FAST_MATH = YES;
				ONLY_ACTIVE_ARCH = YES;
				SDKROOT = iphoneos;
				SWIFT_ACTIVE_COMPILATION_CONDITIONS = DEBUG;
				SWIFT_OPTIMIZATION_LEVEL = "-Onone";
			};
			name = Debug;
		};
		5D83B26D256863A1000D9679 /* Release */ = {
			isa = XCBuildConfiguration;
			buildSettings = {
				ALWAYS_SEARCH_USER_PATHS = NO;
				CLANG_ANALYZER_NONNULL = YES;
				CLANG_ANALYZER_NUMBER_OBJECT_CONVERSION = YES_AGGRESSIVE;
				CLANG_CXX_LANGUAGE_STANDARD = "gnu++14";
				CLANG_CXX_LIBRARY = "libc++";
				CLANG_ENABLE_MODULES = YES;
				CLANG_ENABLE_OBJC_ARC = YES;
				CLANG_ENABLE_OBJC_WEAK = YES;
				CLANG_WARN_BLOCK_CAPTURE_AUTORELEASING = YES;
				CLANG_WARN_BOOL_CONVERSION = YES;
				CLANG_WARN_COMMA = YES;
				CLANG_WARN_CONSTANT_CONVERSION = YES;
				CLANG_WARN_DEPRECATED_OBJC_IMPLEMENTATIONS = YES;
				CLANG_WARN_DIRECT_OBJC_ISA_USAGE = YES_ERROR;
				CLANG_WARN_DOCUMENTATION_COMMENTS = YES;
				CLANG_WARN_EMPTY_BODY = YES;
				CLANG_WARN_ENUM_CONVERSION = YES;
				CLANG_WARN_INFINITE_RECURSION = YES;
				CLANG_WARN_INT_CONVERSION = YES;
				CLANG_WARN_NON_LITERAL_NULL_CONVERSION = YES;
				CLANG_WARN_OBJC_IMPLICIT_RETAIN_SELF = YES;
				CLANG_WARN_OBJC_LITERAL_CONVERSION = YES;
				CLANG_WARN_OBJC_ROOT_CLASS = YES_ERROR;
				CLANG_WARN_QUOTED_INCLUDE_IN_FRAMEWORK_HEADER = YES;
				CLANG_WARN_RANGE_LOOP_ANALYSIS = YES;
				CLANG_WARN_STRICT_PROTOTYPES = YES;
				CLANG_WARN_SUSPICIOUS_MOVE = YES;
				CLANG_WARN_UNGUARDED_AVAILABILITY = YES_AGGRESSIVE;
				CLANG_WARN_UNREACHABLE_CODE = YES;
				CLANG_WARN__DUPLICATE_METHOD_MATCH = YES;
				COPY_PHASE_STRIP = NO;
				DEBUG_INFORMATION_FORMAT = "dwarf-with-dsym";
				ENABLE_NS_ASSERTIONS = NO;
				ENABLE_STRICT_OBJC_MSGSEND = YES;
				GCC_C_LANGUAGE_STANDARD = gnu11;
				GCC_NO_COMMON_BLOCKS = YES;
				GCC_WARN_64_TO_32_BIT_CONVERSION = YES;
				GCC_WARN_ABOUT_RETURN_TYPE = YES_ERROR;
				GCC_WARN_UNDECLARED_SELECTOR = YES;
				GCC_WARN_UNINITIALIZED_AUTOS = YES_AGGRESSIVE;
				GCC_WARN_UNUSED_FUNCTION = YES;
				GCC_WARN_UNUSED_VARIABLE = YES;
				IPHONEOS_DEPLOYMENT_TARGET = 14.2;
				MTL_ENABLE_DEBUG_INFO = NO;
				MTL_FAST_MATH = YES;
				SDKROOT = iphoneos;
				SWIFT_COMPILATION_MODE = wholemodule;
				SWIFT_OPTIMIZATION_LEVEL = "-O";
				VALIDATE_PRODUCT = YES;
			};
			name = Release;
		};
		5D83B26F256863A1000D9679 /* Debug */ = {
			isa = XCBuildConfiguration;
			buildSettings = {
				ASSETCATALOG_COMPILER_APPICON_NAME = AppIcon;
				ASSETCATALOG_COMPILER_GLOBAL_ACCENT_COLOR_NAME = AccentColor;
				CODE_SIGN_STYLE = Automatic;
				DEVELOPMENT_TEAM = E46Z2WMWDA;
				INFOPLIST_FILE = "Rainstorm/Supporting Files/Info.plist";
				LD_RUNPATH_SEARCH_PATHS = (
					"$(inherited)",
					"@executable_path/Frameworks",
				);
				PRODUCT_BUNDLE_IDENTIFIER = BtrBrand.com.Rainstorm;
				PRODUCT_NAME = "$(TARGET_NAME)";
				SWIFT_VERSION = 5.0;
				TARGETED_DEVICE_FAMILY = 1;
			};
			name = Debug;
		};
		5D83B270256863A1000D9679 /* Release */ = {
			isa = XCBuildConfiguration;
			buildSettings = {
				ASSETCATALOG_COMPILER_APPICON_NAME = AppIcon;
				ASSETCATALOG_COMPILER_GLOBAL_ACCENT_COLOR_NAME = AccentColor;
				CODE_SIGN_STYLE = Automatic;
				DEVELOPMENT_TEAM = E46Z2WMWDA;
				INFOPLIST_FILE = "Rainstorm/Supporting Files/Info.plist";
				LD_RUNPATH_SEARCH_PATHS = (
					"$(inherited)",
					"@executable_path/Frameworks",
				);
				PRODUCT_BUNDLE_IDENTIFIER = BtrBrand.com.Rainstorm;
				PRODUCT_NAME = "$(TARGET_NAME)";
				SWIFT_VERSION = 5.0;
				TARGETED_DEVICE_FAMILY = 1;
			};
			name = Release;
		};
/* End XCBuildConfiguration section */

/* Begin XCConfigurationList section */
		5D83B2552568639E000D9679 /* Build configuration list for PBXProject "Rainstorm" */ = {
			isa = XCConfigurationList;
			buildConfigurations = (
				5D83B26C256863A1000D9679 /* Debug */,
				5D83B26D256863A1000D9679 /* Release */,
			);
			defaultConfigurationIsVisible = 0;
			defaultConfigurationName = Release;
		};
		5D83B26E256863A1000D9679 /* Build configuration list for PBXNativeTarget "Rainstorm" */ = {
			isa = XCConfigurationList;
			buildConfigurations = (
				5D83B26F256863A1000D9679 /* Debug */,
				5D83B270256863A1000D9679 /* Release */,
			);
			defaultConfigurationIsVisible = 0;
			defaultConfigurationName = Release;
		};
/* End XCConfigurationList section */
	};
	rootObject = 5D83B2522568639E000D9679 /* Project object */;
}
